
Microsoft Visual Studio Solution File, Format Version 12.00
# Visual Studio Version 17
VisualStudioVersion = 17.11.35208.52
MinimumVisualStudioVersion = 10.0.40219.1
Project("{8BC9CEB8-8B4A-11D0-8D11-00A0C91BC942}") = "server", "server\server.vcxproj", "{07CE93BC-1A87-4628-9FF4-D166A1B88691}"
EndProject
Project("{8BC9CEB8-8B4A-11D0-8D11-00A0C91BC942}") = "client", "client\client.vcxproj", "{E6125D51-7A2C-44AC-AC06-651011C9EC4C}"
EndProject
Project("{2150E333-8FDC-42A3-9474-1A3956D46DE8}") = "Solution Items", "Solution Items", "{C8296151-7E0F-408A-A183-961B13349520}"
	ProjectSection(SolutionItems) = preProject
		.gitignore = .gitignore
	EndProjectSection
EndProject
Project("{8BC9CEB8-8B4A-11D0-8D11-00A0C91BC942}") = "clientTests", "clientTests\clientTests.vcxproj", "{45DB18D1-B2CA-4523-98B3-90EF7F4205B1}"
	ProjectSection(ProjectDependencies) = postProject
		{E6125D51-7A2C-44AC-AC06-651011C9EC4C} = {E6125D51-7A2C-44AC-AC06-651011C9EC4C}
	EndProjectSection
EndProject
Global
	GlobalSection(SolutionConfigurationPlatforms) = preSolution
		Debug|x64 = Debug|x64
		Debug|x86 = Debug|x86
		Release|x64 = Release|x64
		Release|x86 = Release|x86
	EndGlobalSection
	GlobalSection(ProjectConfigurationPlatforms) = postSolution
		{07CE93BC-1A87-4628-9FF4-D166A1B88691}.Debug|x64.ActiveCfg = Debug|x64
		{07CE93BC-1A87-4628-9FF4-D166A1B88691}.Debug|x64.Build.0 = Debug|x64
		{07CE93BC-1A87-4628-9FF4-D166A1B88691}.Debug|x86.ActiveCfg = Debug|Win32
		{07CE93BC-1A87-4628-9FF4-D166A1B88691}.Debug|x86.Build.0 = Debug|Win32
		{07CE93BC-1A87-4628-9FF4-D166A1B88691}.Release|x64.ActiveCfg = Release|x64
		{07CE93BC-1A87-4628-9FF4-D166A1B88691}.Release|x64.Build.0 = Release|x64
		{07CE93BC-1A87-4628-9FF4-D166A1B88691}.Release|x86.ActiveCfg = Release|Win32
		{07CE93BC-1A87-4628-9FF4-D166A1B88691}.Release|x86.Build.0 = Release|Win32
		{E6125D51-7A2C-44AC-AC06-651011C9EC4C}.Debug|x64.ActiveCfg = Debug|x64
		{E6125D51-7A2C-44AC-AC06-651011C9EC4C}.Debug|x64.Build.0 = Debug|x64
		{E6125D51-7A2C-44AC-AC06-651011C9EC4C}.Debug|x86.ActiveCfg = Debug|Win32
		{E6125D51-7A2C-44AC-AC06-651011C9EC4C}.Debug|x86.Build.0 = Debug|Win32
		{E6125D51-7A2C-44AC-AC06-651011C9EC4C}.Release|x64.ActiveCfg = Release|x64
		{E6125D51-7A2C-44AC-AC06-651011C9EC4C}.Release|x64.Build.0 = Release|x64
		{E6125D51-7A2C-44AC-AC06-651011C9EC4C}.Release|x86.ActiveCfg = Release|Win32
		{E6125D51-7A2C-44AC-AC06-651011C9EC4C}.Release|x86.Build.0 = Release|Win32
		{45DB18D1-B2CA-4523-98B3-90EF7F4205B1}.Debug|x64.ActiveCfg = Debug|x64
		{45DB18D1-B2CA-4523-98B3-90EF7F4205B1}.Debug|x64.Build.0 = Debug|x64
		{45DB18D1-B2CA-4523-98B3-90EF7F4205B1}.Debug|x86.ActiveCfg = Debug|Win32
		{45DB18D1-B2CA-4523-98B3-90EF7F4205B1}.Debug|x86.Build.0 = Debug|Win32
		{45DB18D1-B2CA-4523-98B3-90EF7F4205B1}.Release|x64.ActiveCfg = Release|x64
		{45DB18D1-B2CA-4523-98B3-90EF7F4205B1}.Release|x64.Build.0 = Release|x64
		{45DB18D1-B2CA-4523-98B3-90EF7F4205B1}.Release|x86.ActiveCfg = Release|Win32
		{45DB18D1-B2CA-4523-98B3-90EF7F4205B1}.Release|x86.Build.0 = Release|Win32
	EndGlobalSection
	GlobalSection(SolutionProperties) = preSolution
		HideSolutionNode = FALSE
	EndGlobalSection
	GlobalSection(ExtensibilityGlobals) = postSolution
		SolutionGuid = {6B5B5709-A0D7-43EE-84EA-9A17EA02F8CB}
	EndGlobalSection
EndGlobal
